
Microsoft Visual Studio Solution File, Format Version 12.00
# Visual Studio Version 17
VisualStudioVersion = 17.13.35806.99 d17.13
MinimumVisualStudioVersion = 10.0.40219.1
Project("{FAE04EC0-301F-11D3-BF4B-00C04F79EFBC}") = "ProyectoCalculadora", "ProyectoCalculadora.csproj", "{A0FC95F1-C74E-4D59-AC53-36F9EE949DE0}"
EndProject
Global
	GlobalSection(SolutionConfigurationPlatforms) = preSolution
		Debug|Any CPU = Debug|Any CPU
		Release|Any CPU = Release|Any CPU
	EndGlobalSection
	GlobalSection(ProjectConfigurationPlatforms) = postSolution
		{A0FC95F1-C74E-4D59-AC53-36F9EE949DE0}.Debug|Any CPU.ActiveCfg = Debug|Any CPU
		{A0FC95F1-C74E-4D59-AC53-36F9EE949DE0}.Debug|Any CPU.Build.0 = Debug|Any CPU
		{A0FC95F1-C74E-4D59-AC53-36F9EE949DE0}.Release|Any CPU.ActiveCfg = Release|Any CPU
		{A0FC95F1-C74E-4D59-AC53-36F9EE949DE0}.Release|Any CPU.Build.0 = Release|Any CPU
	EndGlobalSection
	GlobalSection(SolutionProperties) = preSolution
		HideSolutionNode = FALSE
	EndGlobalSection
	GlobalSection(ExtensibilityGlobals) = postSolution
		SolutionGuid = {7CED8FE6-0A00-4E37-B0E2-591297DA2F9C}
	EndGlobalSection
EndGlobal
